
Microsoft Visual Studio Solution File, Format Version 12.00
Project("{FAE04EC0-301F-11D3-BF4B-00C04F79EFBC}") = "AzureRestIssueExample", "AzureRestIssueExample\AzureRestIssueExample.csproj", "{144C0AB6-94AA-4C2F-AECB-745D165B3405}"
EndProject
Global
	GlobalSection(SolutionConfigurationPlatforms) = preSolution
		Debug|Any CPU = Debug|Any CPU
		Release|Any CPU = Release|Any CPU
	EndGlobalSection
	GlobalSection(ProjectConfigurationPlatforms) = postSolution
		{144C0AB6-94AA-4C2F-AECB-745D165B3405}.Debug|Any CPU.ActiveCfg = Debug|Any CPU
		{144C0AB6-94AA-4C2F-AECB-745D165B3405}.Debug|Any CPU.Build.0 = Debug|Any CPU
		{144C0AB6-94AA-4C2F-AECB-745D165B3405}.Release|Any CPU.ActiveCfg = Release|Any CPU
		{144C0AB6-94AA-4C2F-AECB-745D165B3405}.Release|Any CPU.Build.0 = Release|Any CPU
	EndGlobalSection
EndGlobal
